// !$*UTF8*$!
{
	archiveVersion = 1;
	classes = {
	};
	objectVersion = 56;
	objects = {

/* Begin PBXBuildFile section */
		8116AA762985E8A900C58EB9 /* Ecommerce_FakeApp.swift in Sources */ = {isa = PBXBuildFile; fileRef = 8116AA752985E8A900C58EB9 /* Ecommerce_FakeApp.swift */; };
		8116AA782985E8A900C58EB9 /* Home.swift in Sources */ = {isa = PBXBuildFile; fileRef = 8116AA772985E8A900C58EB9 /* Home.swift */; };
		8116AA7A2985E8AA00C58EB9 /* Assets.xcassets in Resources */ = {isa = PBXBuildFile; fileRef = 8116AA792985E8AA00C58EB9 /* Assets.xcassets */; };
		8116AA7D2985E8AA00C58EB9 /* Preview Assets.xcassets in Resources */ = {isa = PBXBuildFile; fileRef = 8116AA7C2985E8AA00C58EB9 /* Preview Assets.xcassets */; };
		8116AA922985EA1A00C58EB9 /* Roboto-Medium.ttf in Resources */ = {isa = PBXBuildFile; fileRef = 8116AA852985EA1A00C58EB9 /* Roboto-Medium.ttf */; };
		8116AA932985EA1A00C58EB9 /* Roboto-Light.ttf in Resources */ = {isa = PBXBuildFile; fileRef = 8116AA862985EA1A00C58EB9 /* Roboto-Light.ttf */; };
		8116AA942985EA1A00C58EB9 /* Roboto-Regular.ttf in Resources */ = {isa = PBXBuildFile; fileRef = 8116AA872985EA1A00C58EB9 /* Roboto-Regular.ttf */; };
		8116AA992985EA1A00C58EB9 /* Roboto-Italic.ttf in Resources */ = {isa = PBXBuildFile; fileRef = 8116AA8C2985EA1A00C58EB9 /* Roboto-Italic.ttf */; };
		8116AA9C2985EA1A00C58EB9 /* Roboto-Bold.ttf in Resources */ = {isa = PBXBuildFile; fileRef = 8116AA8F2985EA1A00C58EB9 /* Roboto-Bold.ttf */; };
		8116AA9D2985EA1A00C58EB9 /* Roboto-Thin.ttf in Resources */ = {isa = PBXBuildFile; fileRef = 8116AA902985EA1A00C58EB9 /* Roboto-Thin.ttf */; };
		8116AAA02985ED5800C58EB9 /* Ecommerce-Fake-Info.plist in Resources */ = {isa = PBXBuildFile; fileRef = 8116AA9F2985EBC700C58EB9 /* Ecommerce-Fake-Info.plist */; };
		8116AAA42985EE0200C58EB9 /* Main.swift in Sources */ = {isa = PBXBuildFile; fileRef = 8116AAA32985EE0200C58EB9 /* Main.swift */; };
		8116AAA62985EE2900C58EB9 /* Discover.swift in Sources */ = {isa = PBXBuildFile; fileRef = 8116AAA52985EE2900C58EB9 /* Discover.swift */; };
		8116AAA82985EE3600C58EB9 /* Wishilist.swift in Sources */ = {isa = PBXBuildFile; fileRef = 8116AAA72985EE3600C58EB9 /* Wishilist.swift */; };
		8116AAAA2985EE3F00C58EB9 /* Setting.swift in Sources */ = {isa = PBXBuildFile; fileRef = 8116AAA92985EE3F00C58EB9 /* Setting.swift */; };
		8116AAAC2985FAB400C58EB9 /* ExploreGridView.swift in Sources */ = {isa = PBXBuildFile; fileRef = 8116AAAB2985FAB400C58EB9 /* ExploreGridView.swift */; };
		8116AAAF2985FB3300C58EB9 /* Constants.swift in Sources */ = {isa = PBXBuildFile; fileRef = 8116AAAE2985FB3300C58EB9 /* Constants.swift */; };
		8116AAB12985FDB800C58EB9 /* ExploreCategoryItemView.swift in Sources */ = {isa = PBXBuildFile; fileRef = 8116AAB02985FDB800C58EB9 /* ExploreCategoryItemView.swift */; };
		8116AAB42985FE7500C58EB9 /* ProductModel.swift in Sources */ = {isa = PBXBuildFile; fileRef = 8116AAB32985FE7500C58EB9 /* ProductModel.swift */; };
/* End PBXBuildFile section */

/* Begin PBXFileReference section */
		8116AA722985E8A900C58EB9 /* Ecommerce Fake.app */ = {isa = PBXFileReference; explicitFileType = wrapper.application; includeInIndex = 0; path = "Ecommerce Fake.app"; sourceTree = BUILT_PRODUCTS_DIR; };
		8116AA752985E8A900C58EB9 /* Ecommerce_FakeApp.swift */ = {isa = PBXFileReference; lastKnownFileType = sourcecode.swift; path = Ecommerce_FakeApp.swift; sourceTree = "<group>"; };
		8116AA772985E8A900C58EB9 /* Home.swift */ = {isa = PBXFileReference; lastKnownFileType = sourcecode.swift; path = Home.swift; sourceTree = "<group>"; };
		8116AA792985E8AA00C58EB9 /* Assets.xcassets */ = {isa = PBXFileReference; lastKnownFileType = folder.assetcatalog; path = Assets.xcassets; sourceTree = "<group>"; };
		8116AA7C2985E8AA00C58EB9 /* Preview Assets.xcassets */ = {isa = PBXFileReference; lastKnownFileType = folder.assetcatalog; path = "Preview Assets.xcassets"; sourceTree = "<group>"; };
		8116AA852985EA1A00C58EB9 /* Roboto-Medium.ttf */ = {isa = PBXFileReference; lastKnownFileType = file; path = "Roboto-Medium.ttf"; sourceTree = "<group>"; };
		8116AA862985EA1A00C58EB9 /* Roboto-Light.ttf */ = {isa = PBXFileReference; lastKnownFileType = file; path = "Roboto-Light.ttf"; sourceTree = "<group>"; };
		8116AA872985EA1A00C58EB9 /* Roboto-Regular.ttf */ = {isa = PBXFileReference; lastKnownFileType = file; path = "Roboto-Regular.ttf"; sourceTree = "<group>"; };
		8116AA8C2985EA1A00C58EB9 /* Roboto-Italic.ttf */ = {isa = PBXFileReference; lastKnownFileType = file; path = "Roboto-Italic.ttf"; sourceTree = "<group>"; };
		8116AA8F2985EA1A00C58EB9 /* Roboto-Bold.ttf */ = {isa = PBXFileReference; lastKnownFileType = file; path = "Roboto-Bold.ttf"; sourceTree = "<group>"; };
		8116AA902985EA1A00C58EB9 /* Roboto-Thin.ttf */ = {isa = PBXFileReference; lastKnownFileType = file; path = "Roboto-Thin.ttf"; sourceTree = "<group>"; };
		8116AA9F2985EBC700C58EB9 /* Ecommerce-Fake-Info.plist */ = {isa = PBXFileReference; lastKnownFileType = text.plist; path = "Ecommerce-Fake-Info.plist"; sourceTree = SOURCE_ROOT; };
		8116AAA32985EE0200C58EB9 /* Main.swift */ = {isa = PBXFileReference; lastKnownFileType = sourcecode.swift; path = Main.swift; sourceTree = "<group>"; };
		8116AAA52985EE2900C58EB9 /* Discover.swift */ = {isa = PBXFileReference; lastKnownFileType = sourcecode.swift; path = Discover.swift; sourceTree = "<group>"; };
		8116AAA72985EE3600C58EB9 /* Wishilist.swift */ = {isa = PBXFileReference; lastKnownFileType = sourcecode.swift; path = Wishilist.swift; sourceTree = "<group>"; };
		8116AAA92985EE3F00C58EB9 /* Setting.swift */ = {isa = PBXFileReference; lastKnownFileType = sourcecode.swift; path = Setting.swift; sourceTree = "<group>"; };
		8116AAAB2985FAB400C58EB9 /* ExploreGridView.swift */ = {isa = PBXFileReference; lastKnownFileType = sourcecode.swift; path = ExploreGridView.swift; sourceTree = SOURCE_ROOT; };
		8116AAAE2985FB3300C58EB9 /* Constants.swift */ = {isa = PBXFileReference; lastKnownFileType = sourcecode.swift; path = Constants.swift; sourceTree = "<group>"; };
		8116AAB02985FDB800C58EB9 /* ExploreCategoryItemView.swift */ = {isa = PBXFileReference; lastKnownFileType = sourcecode.swift; path = ExploreCategoryItemView.swift; sourceTree = SOURCE_ROOT; };
		8116AAB32985FE7500C58EB9 /* ProductModel.swift */ = {isa = PBXFileReference; lastKnownFileType = sourcecode.swift; path = ProductModel.swift; sourceTree = "<group>"; };
/* End PBXFileReference section */

/* Begin PBXFrameworksBuildPhase section */
		8116AA6F2985E8A900C58EB9 /* Frameworks */ = {
			isa = PBXFrameworksBuildPhase;
			buildActionMask = 2147483647;
			files = (
			);
			runOnlyForDeploymentPostprocessing = 0;
		};
/* End PBXFrameworksBuildPhase section */

/* Begin PBXGroup section */
		8116AA692985E8A900C58EB9 = {
			isa = PBXGroup;
			children = (
				8116AA742985E8A900C58EB9 /* Ecommerce Fake */,
				8116AA732985E8A900C58EB9 /* Products */,
			);
			sourceTree = "<group>";
		};
		8116AA732985E8A900C58EB9 /* Products */ = {
			isa = PBXGroup;
			children = (
				8116AA722985E8A900C58EB9 /* Ecommerce Fake.app */,
			);
			name = Products;
			sourceTree = "<group>";
		};
		8116AA742985E8A900C58EB9 /* Ecommerce Fake */ = {
			isa = PBXGroup;
			children = (
				8116AAB22985FE6600C58EB9 /* Model */,
				8116AAAD2985FB0B00C58EB9 /* Utility */,
				8116AAA22985EDE000C58EB9 /* View */,
				8116AAA12985EDDB00C58EB9 /* app */,
				8116AA832985EA0F00C58EB9 /* fonts */,
				8116AA792985E8AA00C58EB9 /* Assets.xcassets */,
				8116AA9F2985EBC700C58EB9 /* Ecommerce-Fake-Info.plist */,
				8116AA7B2985E8AA00C58EB9 /* Preview Content */,
			);
			path = "Ecommerce Fake";
			sourceTree = "<group>";
		};
		8116AA7B2985E8AA00C58EB9 /* Preview Content */ = {
			isa = PBXGroup;
			children = (
				8116AA7C2985E8AA00C58EB9 /* Preview Assets.xcassets */,
			);
			path = "Preview Content";
			sourceTree = "<group>";
		};
		8116AA832985EA0F00C58EB9 /* fonts */ = {
			isa = PBXGroup;
			children = (
				8116AA852985EA1A00C58EB9 /* Roboto-Medium.ttf */,
				8116AA862985EA1A00C58EB9 /* Roboto-Light.ttf */,
				8116AA872985EA1A00C58EB9 /* Roboto-Regular.ttf */,
				8116AA8C2985EA1A00C58EB9 /* Roboto-Italic.ttf */,
				8116AA8F2985EA1A00C58EB9 /* Roboto-Bold.ttf */,
				8116AA902985EA1A00C58EB9 /* Roboto-Thin.ttf */,
			);
			path = fonts;
			sourceTree = "<group>";
		};
		8116AAA12985EDDB00C58EB9 /* app */ = {
			isa = PBXGroup;
			children = (
				8116AA772985E8A900C58EB9 /* Home.swift */,
				8116AA752985E8A900C58EB9 /* Ecommerce_FakeApp.swift */,
				8116AAA32985EE0200C58EB9 /* Main.swift */,
				8116AAA52985EE2900C58EB9 /* Discover.swift */,
				8116AAA72985EE3600C58EB9 /* Wishilist.swift */,
				8116AAA92985EE3F00C58EB9 /* Setting.swift */,
			);
			path = app;
			sourceTree = "<group>";
		};
		8116AAA22985EDE000C58EB9 /* View */ = {
			isa = PBXGroup;
			children = (
				8116AAAB2985FAB400C58EB9 /* ExploreGridView.swift */,
				8116AAB02985FDB800C58EB9 /* ExploreCategoryItemView.swift */,
			);
			path = View;
			sourceTree = "<group>";
		};
		8116AAAD2985FB0B00C58EB9 /* Utility */ = {
			isa = PBXGroup;
			children = (
				8116AAAE2985FB3300C58EB9 /* Constants.swift */,
			);
			path = Utility;
			sourceTree = "<group>";
		};
		8116AAB22985FE6600C58EB9 /* Model */ = {
			isa = PBXGroup;
			children = (
				8116AAB32985FE7500C58EB9 /* ProductModel.swift */,
			);
			path = Model;
			sourceTree = "<group>";
		};
/* End PBXGroup section */

/* Begin PBXNativeTarget section */
		8116AA712985E8A900C58EB9 /* Ecommerce Fake */ = {
			isa = PBXNativeTarget;
			buildConfigurationList = 8116AA802985E8AA00C58EB9 /* Build configuration list for PBXNativeTarget "Ecommerce Fake" */;
			buildPhases = (
				8116AA6E2985E8A900C58EB9 /* Sources */,
				8116AA6F2985E8A900C58EB9 /* Frameworks */,
				8116AA702985E8A900C58EB9 /* Resources */,
			);
			buildRules = (
			);
			dependencies = (
			);
			name = "Ecommerce Fake";
			productName = "Ecommerce Fake";
			productReference = 8116AA722985E8A900C58EB9 /* Ecommerce Fake.app */;
			productType = "com.apple.product-type.application";
		};
/* End PBXNativeTarget section */

/* Begin PBXProject section */
		8116AA6A2985E8A900C58EB9 /* Project object */ = {
			isa = PBXProject;
			attributes = {
				BuildIndependentTargetsInParallel = 1;
				LastSwiftUpdateCheck = 1400;
				LastUpgradeCheck = 1400;
				TargetAttributes = {
					8116AA712985E8A900C58EB9 = {
						CreatedOnToolsVersion = 14.0.1;
					};
				};
			};
			buildConfigurationList = 8116AA6D2985E8A900C58EB9 /* Build configuration list for PBXProject "Ecommerce Fake" */;
			compatibilityVersion = "Xcode 14.0";
			developmentRegion = en;
			hasScannedForEncodings = 0;
			knownRegions = (
				en,
				Base,
			);
			mainGroup = 8116AA692985E8A900C58EB9;
			productRefGroup = 8116AA732985E8A900C58EB9 /* Products */;
			projectDirPath = "";
			projectRoot = "";
			targets = (
				8116AA712985E8A900C58EB9 /* Ecommerce Fake */,
			);
		};
/* End PBXProject section */

/* Begin PBXResourcesBuildPhase section */
		8116AA702985E8A900C58EB9 /* Resources */ = {
			isa = PBXResourcesBuildPhase;
			buildActionMask = 2147483647;
			files = (
				8116AA9D2985EA1A00C58EB9 /* Roboto-Thin.ttf in Resources */,
				8116AA9C2985EA1A00C58EB9 /* Roboto-Bold.ttf in Resources */,
				8116AA7D2985E8AA00C58EB9 /* Preview Assets.xcassets in Resources */,
				8116AA7A2985E8AA00C58EB9 /* Assets.xcassets in Resources */,
				8116AA942985EA1A00C58EB9 /* Roboto-Regular.ttf in Resources */,
				8116AA932985EA1A00C58EB9 /* Roboto-Light.ttf in Resources */,
				8116AA992985EA1A00C58EB9 /* Roboto-Italic.ttf in Resources */,
				8116AAA02985ED5800C58EB9 /* Ecommerce-Fake-Info.plist in Resources */,
				8116AA922985EA1A00C58EB9 /* Roboto-Medium.ttf in Resources */,
			);
			runOnlyForDeploymentPostprocessing = 0;
		};
/* End PBXResourcesBuildPhase section */

/* Begin PBXSourcesBuildPhase section */
		8116AA6E2985E8A900C58EB9 /* Sources */ = {
			isa = PBXSourcesBuildPhase;
			buildActionMask = 2147483647;
			files = (
				8116AAA62985EE2900C58EB9 /* Discover.swift in Sources */,
				8116AAA82985EE3600C58EB9 /* Wishilist.swift in Sources */,
				8116AAB12985FDB800C58EB9 /* ExploreCategoryItemView.swift in Sources */,
				8116AAAC2985FAB400C58EB9 /* ExploreGridView.swift in Sources */,
				8116AAAA2985EE3F00C58EB9 /* Setting.swift in Sources */,
				8116AAA42985EE0200C58EB9 /* Main.swift in Sources */,
				8116AA782985E8A900C58EB9 /* Home.swift in Sources */,
				8116AA762985E8A900C58EB9 /* Ecommerce_FakeApp.swift in Sources */,
				8116AAAF2985FB3300C58EB9 /* Constants.swift in Sources */,
				8116AAB42985FE7500C58EB9 /* ProductModel.swift in Sources */,
			);
			runOnlyForDeploymentPostprocessing = 0;
		};
/* End PBXSourcesBuildPhase section */

/* Begin XCBuildConfiguration section */
		8116AA7E2985E8AA00C58EB9 /* Debug */ = {
			isa = XCBuildConfiguration;
			buildSettings = {
				ALWAYS_SEARCH_USER_PATHS = NO;
				CLANG_ANALYZER_NONNULL = YES;
				CLANG_ANALYZER_NUMBER_OBJECT_CONVERSION = YES_AGGRESSIVE;
				CLANG_CXX_LANGUAGE_STANDARD = "gnu++20";
				CLANG_ENABLE_MODULES = YES;
				CLANG_ENABLE_OBJC_ARC = YES;
				CLANG_ENABLE_OBJC_WEAK = YES;
				CLANG_WARN_BLOCK_CAPTURE_AUTORELEASING = YES;
				CLANG_WARN_BOOL_CONVERSION = YES;
				CLANG_WARN_COMMA = YES;
				CLANG_WARN_CONSTANT_CONVERSION = YES;
				CLANG_WARN_DEPRECATED_OBJC_IMPLEMENTATIONS = YES;
				CLANG_WARN_DIRECT_OBJC_ISA_USAGE = YES_ERROR;
				CLANG_WARN_DOCUMENTATION_COMMENTS = YES;
				CLANG_WARN_EMPTY_BODY = YES;
				CLANG_WARN_ENUM_CONVERSION = YES;
				CLANG_WARN_INFINITE_RECURSION = YES;
				CLANG_WARN_INT_CONVERSION = YES;
				CLANG_WARN_NON_LITERAL_NULL_CONVERSION = YES;
				CLANG_WARN_OBJC_IMPLICIT_RETAIN_SELF = YES;
				CLANG_WARN_OBJC_LITERAL_CONVERSION = YES;
				CLANG_WARN_OBJC_ROOT_CLASS = YES_ERROR;
				CLANG_WARN_QUOTED_INCLUDE_IN_FRAMEWORK_HEADER = YES;
				CLANG_WARN_RANGE_LOOP_ANALYSIS = YES;
				CLANG_WARN_STRICT_PROTOTYPES = YES;
				CLANG_WARN_SUSPICIOUS_MOVE = YES;
				CLANG_WARN_UNGUARDED_AVAILABILITY = YES_AGGRESSIVE;
				CLANG_WARN_UNREACHABLE_CODE = YES;
				CLANG_WARN__DUPLICATE_METHOD_MATCH = YES;
				COPY_PHASE_STRIP = NO;
				DEBUG_INFORMATION_FORMAT = dwarf;
				ENABLE_STRICT_OBJC_MSGSEND = YES;
				ENABLE_TESTABILITY = YES;
				GCC_C_LANGUAGE_STANDARD = gnu11;
				GCC_DYNAMIC_NO_PIC = NO;
				GCC_NO_COMMON_BLOCKS = YES;
				GCC_OPTIMIZATION_LEVEL = 0;
				GCC_PREPROCESSOR_DEFINITIONS = (
					"DEBUG=1",
					"$(inherited)",
				);
				GCC_WARN_64_TO_32_BIT_CONVERSION = YES;
				GCC_WARN_ABOUT_RETURN_TYPE = YES_ERROR;
				GCC_WARN_UNDECLARED_SELECTOR = YES;
				GCC_WARN_UNINITIALIZED_AUTOS = YES_AGGRESSIVE;
				GCC_WARN_UNUSED_FUNCTION = YES;
				GCC_WARN_UNUSED_VARIABLE = YES;
				IPHONEOS_DEPLOYMENT_TARGET = 16.0;
				MTL_ENABLE_DEBUG_INFO = INCLUDE_SOURCE;
				MTL_FAST_MATH = YES;
				ONLY_ACTIVE_ARCH = YES;
				SDKROOT = iphoneos;
				SWIFT_ACTIVE_COMPILATION_CONDITIONS = DEBUG;
				SWIFT_OPTIMIZATION_LEVEL = "-Onone";
			};
			name = Debug;
		};
		8116AA7F2985E8AA00C58EB9 /* Release */ = {
			isa = XCBuildConfiguration;
			buildSettings = {
				ALWAYS_SEARCH_USER_PATHS = NO;
				CLANG_ANALYZER_NONNULL = YES;
				CLANG_ANALYZER_NUMBER_OBJECT_CONVERSION = YES_AGGRESSIVE;
				CLANG_CXX_LANGUAGE_STANDARD = "gnu++20";
				CLANG_ENABLE_MODULES = YES;
				CLANG_ENABLE_OBJC_ARC = YES;
				CLANG_ENABLE_OBJC_WEAK = YES;
				CLANG_WARN_BLOCK_CAPTURE_AUTORELEASING = YES;
				CLANG_WARN_BOOL_CONVERSION = YES;
				CLANG_WARN_COMMA = YES;
				CLANG_WARN_CONSTANT_CONVERSION = YES;
				CLANG_WARN_DEPRECATED_OBJC_IMPLEMENTATIONS = YES;
				CLANG_WARN_DIRECT_OBJC_ISA_USAGE = YES_ERROR;
				CLANG_WARN_DOCUMENTATION_COMMENTS = YES;
				CLANG_WARN_EMPTY_BODY = YES;
				CLANG_WARN_ENUM_CONVERSION = YES;
				CLANG_WARN_INFINITE_RECURSION = YES;
				CLANG_WARN_INT_CONVERSION = YES;
				CLANG_WARN_NON_LITERAL_NULL_CONVERSION = YES;
				CLANG_WARN_OBJC_IMPLICIT_RETAIN_SELF = YES;
				CLANG_WARN_OBJC_LITERAL_CONVERSION = YES;
				CLANG_WARN_OBJC_ROOT_CLASS = YES_ERROR;
				CLANG_WARN_QUOTED_INCLUDE_IN_FRAMEWORK_HEADER = YES;
				CLANG_WARN_RANGE_LOOP_ANALYSIS = YES;
				CLANG_WARN_STRICT_PROTOTYPES = YES;
				CLANG_WARN_SUSPICIOUS_MOVE = YES;
				CLANG_WARN_UNGUARDED_AVAILABILITY = YES_AGGRESSIVE;
				CLANG_WARN_UNREACHABLE_CODE = YES;
				CLANG_WARN__DUPLICATE_METHOD_MATCH = YES;
				COPY_PHASE_STRIP = NO;
				DEBUG_INFORMATION_FORMAT = "dwarf-with-dsym";
				ENABLE_NS_ASSERTIONS = NO;
				ENABLE_STRICT_OBJC_MSGSEND = YES;
				GCC_C_LANGUAGE_STANDARD = gnu11;
				GCC_NO_COMMON_BLOCKS = YES;
				GCC_WARN_64_TO_32_BIT_CONVERSION = YES;
				GCC_WARN_ABOUT_RETURN_TYPE = YES_ERROR;
				GCC_WARN_UNDECLARED_SELECTOR = YES;
				GCC_WARN_UNINITIALIZED_AUTOS = YES_AGGRESSIVE;
				GCC_WARN_UNUSED_FUNCTION = YES;
				GCC_WARN_UNUSED_VARIABLE = YES;
				IPHONEOS_DEPLOYMENT_TARGET = 16.0;
				MTL_ENABLE_DEBUG_INFO = NO;
				MTL_FAST_MATH = YES;
				SDKROOT = iphoneos;
				SWIFT_COMPILATION_MODE = wholemodule;
				SWIFT_OPTIMIZATION_LEVEL = "-O";
				VALIDATE_PRODUCT = YES;
			};
			name = Release;
		};
		8116AA812985E8AA00C58EB9 /* Debug */ = {
			isa = XCBuildConfiguration;
			buildSettings = {
				ASSETCATALOG_COMPILER_APPICON_NAME = AppIcon;
				ASSETCATALOG_COMPILER_GLOBAL_ACCENT_COLOR_NAME = AccentColor;
				CODE_SIGN_STYLE = Automatic;
				CURRENT_PROJECT_VERSION = 1;
				DEVELOPMENT_ASSET_PATHS = "\"Ecommerce Fake/Preview Content\"";
				DEVELOPMENT_TEAM = R555F6422X;
				ENABLE_PREVIEWS = YES;
				GENERATE_INFOPLIST_FILE = YES;
				INFOPLIST_FILE = "Ecommerce-Fake-Info.plist";
				INFOPLIST_KEY_UIApplicationSceneManifest_Generation = YES;
				INFOPLIST_KEY_UIApplicationSupportsIndirectInputEvents = YES;
				INFOPLIST_KEY_UILaunchScreen_Generation = YES;
				INFOPLIST_KEY_UISupportedInterfaceOrientations = UIInterfaceOrientationPortrait;
				INFOPLIST_KEY_UIUserInterfaceStyle = Light;
				LD_RUNPATH_SEARCH_PATHS = (
					"$(inherited)",
					"@executable_path/Frameworks",
				);
				MARKETING_VERSION = 1.0;
				PRODUCT_BUNDLE_IDENTIFIER = "com.kvm.Ecommerce-Fake";
				PRODUCT_NAME = "$(TARGET_NAME)";
				SWIFT_EMIT_LOC_STRINGS = YES;
				SWIFT_VERSION = 5.0;
				TARGETED_DEVICE_FAMILY = "1,2";
			};
			name = Debug;
		};
		8116AA822985E8AA00C58EB9 /* Release */ = {
			isa = XCBuildConfiguration;
			buildSettings = {
				ASSETCATALOG_COMPILER_APPICON_NAME = AppIcon;
				ASSETCATALOG_COMPILER_GLOBAL_ACCENT_COLOR_NAME = AccentColor;
				CODE_SIGN_STYLE = Automatic;
				CURRENT_PROJECT_VERSION = 1;
				DEVELOPMENT_ASSET_PATHS = "\"Ecommerce Fake/Preview Content\"";
				DEVELOPMENT_TEAM = R555F6422X;
				ENABLE_PREVIEWS = YES;
				GENERATE_INFOPLIST_FILE = YES;
				INFOPLIST_FILE = "Ecommerce-Fake-Info.plist";
				INFOPLIST_KEY_UIApplicationSceneManifest_Generation = YES;
				INFOPLIST_KEY_UIApplicationSupportsIndirectInputEvents = YES;
				INFOPLIST_KEY_UILaunchScreen_Generation = YES;
				INFOPLIST_KEY_UISupportedInterfaceOrientations = UIInterfaceOrientationPortrait;
				INFOPLIST_KEY_UIUserInterfaceStyle = Light;
				LD_RUNPATH_SEARCH_PATHS = (
					"$(inherited)",
					"@executable_path/Frameworks",
				);
				MARKETING_VERSION = 1.0;
				PRODUCT_BUNDLE_IDENTIFIER = "com.kvm.Ecommerce-Fake";
				PRODUCT_NAME = "$(TARGET_NAME)";
				SWIFT_EMIT_LOC_STRINGS = YES;
				SWIFT_VERSION = 5.0;
				TARGETED_DEVICE_FAMILY = "1,2";
			};
			name = Release;
		};
/* End XCBuildConfiguration section */

/* Begin XCConfigurationList section */
		8116AA6D2985E8A900C58EB9 /* Build configuration list for PBXProject "Ecommerce Fake" */ = {
			isa = XCConfigurationList;
			buildConfigurations = (
				8116AA7E2985E8AA00C58EB9 /* Debug */,
				8116AA7F2985E8AA00C58EB9 /* Release */,
			);
			defaultConfigurationIsVisible = 0;
			defaultConfigurationName = Release;
		};
		8116AA802985E8AA00C58EB9 /* Build configuration list for PBXNativeTarget "Ecommerce Fake" */ = {
			isa = XCConfigurationList;
			buildConfigurations = (
				8116AA812985E8AA00C58EB9 /* Debug */,
				8116AA822985E8AA00C58EB9 /* Release */,
			);
			defaultConfigurationIsVisible = 0;
			defaultConfigurationName = Release;
		};
/* End XCConfigurationList section */
	};
	rootObject = 8116AA6A2985E8A900C58EB9 /* Project object */;
}
